// !$*UTF8*$!
{
	archiveVersion = 1;
	classes = {
	};
	objectVersion = 46;
	objects = {

/* Begin PBXBuildFile section */
		313BC59B94977092F14D4956 /* Pods_UdemyJSQMessenger.framework in Frameworks */ = {isa = PBXBuildFile; fileRef = A53B9AA833C6289D0DACE84E /* Pods_UdemyJSQMessenger.framework */; };
		C02F34701CBD58C500C1AF9D /* ChatVC.swift in Sources */ = {isa = PBXBuildFile; fileRef = C02F346F1CBD58C500C1AF9D /* ChatVC.swift */; };
		C0790F631CBD35970016DC71 /* AppDelegate.swift in Sources */ = {isa = PBXBuildFile; fileRef = C0790F621CBD35970016DC71 /* AppDelegate.swift */; };
		C0790F651CBD35970016DC71 /* LoginVC.swift in Sources */ = {isa = PBXBuildFile; fileRef = C0790F641CBD35970016DC71 /* LoginVC.swift */; };
		C0790F681CBD35970016DC71 /* Main.storyboard in Resources */ = {isa = PBXBuildFile; fileRef = C0790F661CBD35970016DC71 /* Main.storyboard */; };
		C0790F6A1CBD35970016DC71 /* Assets.xcassets in Resources */ = {isa = PBXBuildFile; fileRef = C0790F691CBD35970016DC71 /* Assets.xcassets */; };
		C0790F6D1CBD35970016DC71 /* LaunchScreen.storyboard in Resources */ = {isa = PBXBuildFile; fileRef = C0790F6B1CBD35970016DC71 /* LaunchScreen.storyboard */; };
/* End PBXBuildFile section */

/* Begin PBXFileReference section */
		37E3B76D55C010194333DE4D /* Pods-UdemyJSQMessenger.debug.xcconfig */ = {isa = PBXFileReference; includeInIndex = 1; lastKnownFileType = text.xcconfig; name = "Pods-UdemyJSQMessenger.debug.xcconfig"; path = "Pods/Target Support Files/Pods-UdemyJSQMessenger/Pods-UdemyJSQMessenger.debug.xcconfig"; sourceTree = "<group>"; };
		A53B9AA833C6289D0DACE84E /* Pods_UdemyJSQMessenger.framework */ = {isa = PBXFileReference; explicitFileType = wrapper.framework; includeInIndex = 0; path = Pods_UdemyJSQMessenger.framework; sourceTree = BUILT_PRODUCTS_DIR; };
		C02F346F1CBD58C500C1AF9D /* ChatVC.swift */ = {isa = PBXFileReference; fileEncoding = 4; lastKnownFileType = sourcecode.swift; path = ChatVC.swift; sourceTree = "<group>"; };
		C02F34711CBD5ABD00C1AF9D /* UdemyJSQMessenger-Bridging-Header.h */ = {isa = PBXFileReference; lastKnownFileType = sourcecode.c.h; path = "UdemyJSQMessenger-Bridging-Header.h"; sourceTree = "<group>"; };
		C0790F5F1CBD35970016DC71 /* UdemyJSQMessenger.app */ = {isa = PBXFileReference; explicitFileType = wrapper.application; includeInIndex = 0; path = UdemyJSQMessenger.app; sourceTree = BUILT_PRODUCTS_DIR; };
		C0790F621CBD35970016DC71 /* AppDelegate.swift */ = {isa = PBXFileReference; lastKnownFileType = sourcecode.swift; path = AppDelegate.swift; sourceTree = "<group>"; };
		C0790F641CBD35970016DC71 /* LoginVC.swift */ = {isa = PBXFileReference; lastKnownFileType = sourcecode.swift; path = LoginVC.swift; sourceTree = "<group>"; };
		C0790F671CBD35970016DC71 /* Base */ = {isa = PBXFileReference; lastKnownFileType = file.storyboard; name = Base; path = Base.lproj/Main.storyboard; sourceTree = "<group>"; };
		C0790F691CBD35970016DC71 /* Assets.xcassets */ = {isa = PBXFileReference; lastKnownFileType = folder.assetcatalog; path = Assets.xcassets; sourceTree = "<group>"; };
		C0790F6C1CBD35970016DC71 /* Base */ = {isa = PBXFileReference; lastKnownFileType = file.storyboard; name = Base; path = Base.lproj/LaunchScreen.storyboard; sourceTree = "<group>"; };
		C0790F6E1CBD35970016DC71 /* Info.plist */ = {isa = PBXFileReference; lastKnownFileType = text.plist.xml; path = Info.plist; sourceTree = "<group>"; };
		E99FE634969E314C2A4A720D /* Pods-UdemyJSQMessenger.release.xcconfig */ = {isa = PBXFileReference; includeInIndex = 1; lastKnownFileType = text.xcconfig; name = "Pods-UdemyJSQMessenger.release.xcconfig"; path = "Pods/Target Support Files/Pods-UdemyJSQMessenger/Pods-UdemyJSQMessenger.release.xcconfig"; sourceTree = "<group>"; };
/* End PBXFileReference section */

/* Begin PBXFrameworksBuildPhase section */
		C0790F5C1CBD35970016DC71 /* Frameworks */ = {
			isa = PBXFrameworksBuildPhase;
			buildActionMask = 2147483647;
			files = (
				313BC59B94977092F14D4956 /* Pods_UdemyJSQMessenger.framework in Frameworks */,
			);
			runOnlyForDeploymentPostprocessing = 0;
		};
/* End PBXFrameworksBuildPhase section */

/* Begin PBXGroup section */
		8FC6BA6D6B49F7516A72E11D /* Pods */ = {
			isa = PBXGroup;
			children = (
				37E3B76D55C010194333DE4D /* Pods-UdemyJSQMessenger.debug.xcconfig */,
				E99FE634969E314C2A4A720D /* Pods-UdemyJSQMessenger.release.xcconfig */,
			);
			name = Pods;
			sourceTree = "<group>";
		};
		C0790F561CBD35970016DC71 = {
			isa = PBXGroup;
			children = (
				C0790F611CBD35970016DC71 /* UdemyJSQMessenger */,
				C0790F601CBD35970016DC71 /* Products */,
				8FC6BA6D6B49F7516A72E11D /* Pods */,
				DA6D285B20EA73B1BDC94DA4 /* Frameworks */,
			);
			sourceTree = "<group>";
		};
		C0790F601CBD35970016DC71 /* Products */ = {
			isa = PBXGroup;
			children = (
				C0790F5F1CBD35970016DC71 /* UdemyJSQMessenger.app */,
			);
			name = Products;
			sourceTree = "<group>";
		};
		C0790F611CBD35970016DC71 /* UdemyJSQMessenger */ = {
			isa = PBXGroup;
			children = (
				C0790F621CBD35970016DC71 /* AppDelegate.swift */,
				C0790F641CBD35970016DC71 /* LoginVC.swift */,
				C02F346F1CBD58C500C1AF9D /* ChatVC.swift */,
				C0790F661CBD35970016DC71 /* Main.storyboard */,
				C0790F691CBD35970016DC71 /* Assets.xcassets */,
				C0790F6B1CBD35970016DC71 /* LaunchScreen.storyboard */,
				C0790F6E1CBD35970016DC71 /* Info.plist */,
				C02F34711CBD5ABD00C1AF9D /* UdemyJSQMessenger-Bridging-Header.h */,
			);
			path = UdemyJSQMessenger;
			sourceTree = "<group>";
		};
		DA6D285B20EA73B1BDC94DA4 /* Frameworks */ = {
			isa = PBXGroup;
			children = (
				A53B9AA833C6289D0DACE84E /* Pods_UdemyJSQMessenger.framework */,
			);
			name = Frameworks;
			sourceTree = "<group>";
		};
/* End PBXGroup section */

/* Begin PBXNativeTarget section */
		C0790F5E1CBD35970016DC71 /* UdemyJSQMessenger */ = {
			isa = PBXNativeTarget;
			buildConfigurationList = C0790F711CBD35970016DC71 /* Build configuration list for PBXNativeTarget "UdemyJSQMessenger" */;
			buildPhases = (
				803EF98AB228D2E79740EFC4 /* Check Pods Manifest.lock */,
				C0790F5B1CBD35970016DC71 /* Sources */,
				C0790F5C1CBD35970016DC71 /* Frameworks */,
				C0790F5D1CBD35970016DC71 /* Resources */,
				C849FE5C43FBBDD62F6AF177 /* Embed Pods Frameworks */,
				6A6B0AA1A6506A23D487909D /* Copy Pods Resources */,
			);
			buildRules = (
			);
			dependencies = (
			);
			name = UdemyJSQMessenger;
			productName = UdemyJSQMessenger;
			productReference = C0790F5F1CBD35970016DC71 /* UdemyJSQMessenger.app */;
			productType = "com.apple.product-type.application";
		};
/* End PBXNativeTarget section */

/* Begin PBXProject section */
		C0790F571CBD35970016DC71 /* Project object */ = {
			isa = PBXProject;
			attributes = {
				LastSwiftUpdateCheck = 0720;
				LastUpgradeCheck = 0720;
				ORGANIZATIONNAME = DonovanCotter;
				TargetAttributes = {
					C0790F5E1CBD35970016DC71 = {
						CreatedOnToolsVersion = 7.2.1;
					};
				};
			};
			buildConfigurationList = C0790F5A1CBD35970016DC71 /* Build configuration list for PBXProject "UdemyJSQMessenger" */;
			compatibilityVersion = "Xcode 3.2";
			developmentRegion = English;
			hasScannedForEncodings = 0;
			knownRegions = (
				en,
				Base,
			);
			mainGroup = C0790F561CBD35970016DC71;
			productRefGroup = C0790F601CBD35970016DC71 /* Products */;
			projectDirPath = "";
			projectRoot = "";
			targets = (
				C0790F5E1CBD35970016DC71 /* UdemyJSQMessenger */,
			);
		};
/* End PBXProject section */

/* Begin PBXResourcesBuildPhase section */
		C0790F5D1CBD35970016DC71 /* Resources */ = {
			isa = PBXResourcesBuildPhase;
			buildActionMask = 2147483647;
			files = (
				C0790F6D1CBD35970016DC71 /* LaunchScreen.storyboard in Resources */,
				C0790F6A1CBD35970016DC71 /* Assets.xcassets in Resources */,
				C0790F681CBD35970016DC71 /* Main.storyboard in Resources */,
			);
			runOnlyForDeploymentPostprocessing = 0;
		};
/* End PBXResourcesBuildPhase section */

/* Begin PBXShellScriptBuildPhase section */
		6A6B0AA1A6506A23D487909D /* Copy Pods Resources */ = {
			isa = PBXShellScriptBuildPhase;
			buildActionMask = 2147483647;
			files = (
			);
			inputPaths = (
			);
			name = "Copy Pods Resources";
			outputPaths = (
			);
			runOnlyForDeploymentPostprocessing = 0;
			shellPath = /bin/sh;
			shellScript = "\"${SRCROOT}/Pods/Target Support Files/Pods-UdemyJSQMessenger/Pods-UdemyJSQMessenger-resources.sh\"\n";
			showEnvVarsInLog = 0;
		};
		803EF98AB228D2E79740EFC4 /* Check Pods Manifest.lock */ = {
			isa = PBXShellScriptBuildPhase;
			buildActionMask = 2147483647;
			files = (
			);
			inputPaths = (
			);
			name = "Check Pods Manifest.lock";
			outputPaths = (
			);
			runOnlyForDeploymentPostprocessing = 0;
			shellPath = /bin/sh;
			shellScript = "diff \"${PODS_ROOT}/../Podfile.lock\" \"${PODS_ROOT}/Manifest.lock\" > /dev/null\nif [[ $? != 0 ]] ; then\n    cat << EOM\nerror: The sandbox is not in sync with the Podfile.lock. Run 'pod install' or update your CocoaPods installation.\nEOM\n    exit 1\nfi\n";
			showEnvVarsInLog = 0;
		};
		C849FE5C43FBBDD62F6AF177 /* Embed Pods Frameworks */ = {
			isa = PBXShellScriptBuildPhase;
			buildActionMask = 2147483647;
			files = (
			);
			inputPaths = (
			);
			name = "Embed Pods Frameworks";
			outputPaths = (
			);
			runOnlyForDeploymentPostprocessing = 0;
			shellPath = /bin/sh;
			shellScript = "\"${SRCROOT}/Pods/Target Support Files/Pods-UdemyJSQMessenger/Pods-UdemyJSQMessenger-frameworks.sh\"\n";
			showEnvVarsInLog = 0;
		};
/* End PBXShellScriptBuildPhase section */

/* Begin PBXSourcesBuildPhase section */
		C0790F5B1CBD35970016DC71 /* Sources */ = {
			isa = PBXSourcesBuildPhase;
			buildActionMask = 2147483647;
			files = (
				C02F34701CBD58C500C1AF9D /* ChatVC.swift in Sources */,
				C0790F651CBD35970016DC71 /* LoginVC.swift in Sources */,
				C0790F631CBD35970016DC71 /* AppDelegate.swift in Sources */,
			);
			runOnlyForDeploymentPostprocessing = 0;
		};
/* End PBXSourcesBuildPhase section */

/* Begin PBXVariantGroup section */
		C0790F661CBD35970016DC71 /* Main.storyboard */ = {
			isa = PBXVariantGroup;
			children = (
				C0790F671CBD35970016DC71 /* Base */,
			);
			name = Main.storyboard;
			sourceTree = "<group>";
		};
		C0790F6B1CBD35970016DC71 /* LaunchScreen.storyboard */ = {
			isa = PBXVariantGroup;
			children = (
				C0790F6C1CBD35970016DC71 /* Base */,
			);
			name = LaunchScreen.storyboard;
			sourceTree = "<group>";
		};
/* End PBXVariantGroup section */

/* Begin XCBuildConfiguration section */
		C0790F6F1CBD35970016DC71 /* Debug */ = {
			isa = XCBuildConfiguration;
			buildSettings = {
				ALWAYS_SEARCH_USER_PATHS = NO;
				CLANG_CXX_LANGUAGE_STANDARD = "gnu++0x";
				CLANG_CXX_LIBRARY = "libc++";
				CLANG_ENABLE_MODULES = YES;
				CLANG_ENABLE_OBJC_ARC = YES;
				CLANG_WARN_BOOL_CONVERSION = YES;
				CLANG_WARN_CONSTANT_CONVERSION = YES;
				CLANG_WARN_DIRECT_OBJC_ISA_USAGE = YES_ERROR;
				CLANG_WARN_EMPTY_BODY = YES;
				CLANG_WARN_ENUM_CONVERSION = YES;
				CLANG_WARN_INT_CONVERSION = YES;
				CLANG_WARN_OBJC_ROOT_CLASS = YES_ERROR;
				CLANG_WARN_UNREACHABLE_CODE = YES;
				CLANG_WARN__DUPLICATE_METHOD_MATCH = YES;
				"CODE_SIGN_IDENTITY[sdk=iphoneos*]" = "iPhone Developer";
				COPY_PHASE_STRIP = NO;
				DEBUG_INFORMATION_FORMAT = dwarf;
				ENABLE_STRICT_OBJC_MSGSEND = YES;
				ENABLE_TESTABILITY = YES;
				GCC_C_LANGUAGE_STANDARD = gnu99;
				GCC_DYNAMIC_NO_PIC = NO;
				GCC_NO_COMMON_BLOCKS = YES;
				GCC_OPTIMIZATION_LEVEL = 0;
				GCC_PREPROCESSOR_DEFINITIONS = (
					"DEBUG=1",
					"$(inherited)",
				);
				GCC_WARN_64_TO_32_BIT_CONVERSION = YES;
				GCC_WARN_ABOUT_RETURN_TYPE = YES_ERROR;
				GCC_WARN_UNDECLARED_SELECTOR = YES;
				GCC_WARN_UNINITIALIZED_AUTOS = YES_AGGRESSIVE;
				GCC_WARN_UNUSED_FUNCTION = YES;
				GCC_WARN_UNUSED_VARIABLE = YES;
				IPHONEOS_DEPLOYMENT_TARGET = 9.2;
				MTL_ENABLE_DEBUG_INFO = YES;
				ONLY_ACTIVE_ARCH = YES;
				SDKROOT = iphoneos;
				SWIFT_OPTIMIZATION_LEVEL = "-Onone";
				TARGETED_DEVICE_FAMILY = "1,2";
			};
			name = Debug;
		};
		C0790F701CBD35970016DC71 /* Release */ = {
			isa = XCBuildConfiguration;
			buildSettings = {
				ALWAYS_SEARCH_USER_PATHS = NO;
				CLANG_CXX_LANGUAGE_STANDARD = "gnu++0x";
				CLANG_CXX_LIBRARY = "libc++";
				CLANG_ENABLE_MODULES = YES;
				CLANG_ENABLE_OBJC_ARC = YES;
				CLANG_WARN_BOOL_CONVERSION = YES;
				CLANG_WARN_CONSTANT_CONVERSION = YES;
				CLANG_WARN_DIRECT_OBJC_ISA_USAGE = YES_ERROR;
				CLANG_WARN_EMPTY_BODY = YES;
				CLANG_WARN_ENUM_CONVERSION = YES;
				CLANG_WARN_INT_CONVERSION = YES;
				CLANG_WARN_OBJC_ROOT_CLASS = YES_ERROR;
				CLANG_WARN_UNREACHABLE_CODE = YES;
				CLANG_WARN__DUPLICATE_METHOD_MATCH = YES;
				"CODE_SIGN_IDENTITY[sdk=iphoneos*]" = "iPhone Developer";
				COPY_PHASE_STRIP = NO;
				DEBUG_INFORMATION_FORMAT = "dwarf-with-dsym";
				ENABLE_NS_ASSERTIONS = NO;
				ENABLE_STRICT_OBJC_MSGSEND = YES;
				GCC_C_LANGUAGE_STANDARD = gnu99;
				GCC_NO_COMMON_BLOCKS = YES;
				GCC_WARN_64_TO_32_BIT_CONVERSION = YES;
				GCC_WARN_ABOUT_RETURN_TYPE = YES_ERROR;
				GCC_WARN_UNDECLARED_SELECTOR = YES;
				GCC_WARN_UNINITIALIZED_AUTOS = YES_AGGRESSIVE;
				GCC_WARN_UNUSED_FUNCTION = YES;
				GCC_WARN_UNUSED_VARIABLE = YES;
				IPHONEOS_DEPLOYMENT_TARGET = 9.2;
				MTL_ENABLE_DEBUG_INFO = NO;
				SDKROOT = iphoneos;
				TARGETED_DEVICE_FAMILY = "1,2";
				VALIDATE_PRODUCT = YES;
			};
			name = Release;
		};
		C0790F721CBD35970016DC71 /* Debug */ = {
			isa = XCBuildConfiguration;
			baseConfigurationReference = 37E3B76D55C010194333DE4D /* Pods-UdemyJSQMessenger.debug.xcconfig */;
			buildSettings = {
				ASSETCATALOG_COMPILER_APPICON_NAME = AppIcon;
				CLANG_ENABLE_MODULES = YES;
				INFOPLIST_FILE = UdemyJSQMessenger/Info.plist;
				LD_RUNPATH_SEARCH_PATHS = "$(inherited) @executable_path/Frameworks";
				PRODUCT_BUNDLE_IDENTIFIER = com.donovan.cotter.UdemyJSQMessenger;
				PRODUCT_NAME = "$(TARGET_NAME)";
				SWIFT_OBJC_BRIDGING_HEADER = "UdemyJSQMessenger/UdemyJSQMessenger-Bridging-Header.h";
				SWIFT_OPTIMIZATION_LEVEL = "-Onone";
			};
			name = Debug;
		};
		C0790F731CBD35970016DC71 /* Release */ = {
			isa = XCBuildConfiguration;
			baseConfigurationReference = E99FE634969E314C2A4A720D /* Pods-UdemyJSQMessenger.release.xcconfig */;
			buildSettings = {
				ASSETCATALOG_COMPILER_APPICON_NAME = AppIcon;
				CLANG_ENABLE_MODULES = YES;
				INFOPLIST_FILE = UdemyJSQMessenger/Info.plist;
				LD_RUNPATH_SEARCH_PATHS = "$(inherited) @executable_path/Frameworks";
				PRODUCT_BUNDLE_IDENTIFIER = com.donovan.cotter.UdemyJSQMessenger;
				PRODUCT_NAME = "$(TARGET_NAME)";
				SWIFT_OBJC_BRIDGING_HEADER = "UdemyJSQMessenger/UdemyJSQMessenger-Bridging-Header.h";
			};
			name = Release;
		};
/* End XCBuildConfiguration section */

/* Begin XCConfigurationList section */
		C0790F5A1CBD35970016DC71 /* Build configuration list for PBXProject "UdemyJSQMessenger" */ = {
			isa = XCConfigurationList;
			buildConfigurations = (
				C0790F6F1CBD35970016DC71 /* Debug */,
				C0790F701CBD35970016DC71 /* Release */,
			);
			defaultConfigurationIsVisible = 0;
			defaultConfigurationName = Release;
		};
		C0790F711CBD35970016DC71 /* Build configuration list for PBXNativeTarget "UdemyJSQMessenger" */ = {
			isa = XCConfigurationList;
			buildConfigurations = (
				C0790F721CBD35970016DC71 /* Debug */,
				C0790F731CBD35970016DC71 /* Release */,
			);
			defaultConfigurationIsVisible = 0;
			defaultConfigurationName = Release;
		};
/* End XCConfigurationList section */
	};
	rootObject = C0790F571CBD35970016DC71 /* Project object */;
}
